
Microsoft Visual Studio Solution File, Format Version 12.00
# Visual Studio Version 17
VisualStudioVersion = 17.5.002.0
MinimumVisualStudioVersion = 10.0.40219.1
Project("{9A19103F-16F7-4668-BE54-9A1E7A4F7556}") = "Korntest", "Korntest.csproj", "{8003F987-3F5B-4401-A411-A54BC4B81350}"
EndProject
Global
	GlobalSection(SolutionConfigurationPlatforms) = preSolution
		Debug|Any CPU = Debug|Any CPU
		Release|Any CPU = Release|Any CPU
	EndGlobalSection
	GlobalSection(ProjectConfigurationPlatforms) = postSolution
		{8003F987-3F5B-4401-A411-A54BC4B81350}.Debug|Any CPU.ActiveCfg = Debug|Any CPU
		{8003F987-3F5B-4401-A411-A54BC4B81350}.Debug|Any CPU.Build.0 = Debug|Any CPU
		{8003F987-3F5B-4401-A411-A54BC4B81350}.Release|Any CPU.ActiveCfg = Release|Any CPU
		{8003F987-3F5B-4401-A411-A54BC4B81350}.Release|Any CPU.Build.0 = Release|Any CPU
	EndGlobalSection
	GlobalSection(SolutionProperties) = preSolution
		HideSolutionNode = FALSE
	EndGlobalSection
	GlobalSection(ExtensibilityGlobals) = postSolution
		SolutionGuid = {9532C8A5-B68D-4B7B-B7C9-EF4334C10E5A}
	EndGlobalSection
EndGlobal
